
Microsoft Visual Studio Solution File, Format Version 12.00
# Visual Studio 2012
Project("{9092AA53-FB77-4645-B42D-1CCCA6BD08BD}") = "breeze-client", "breeze-client.njsproj", "{FCF43FF8-F461-4758-AED4-F0D02A602736}"
EndProject
Global
	GlobalSection(SolutionConfigurationPlatforms) = preSolution
		Debug|Any CPU = Debug|Any CPU
		Release|Any CPU = Release|Any CPU
	EndGlobalSection
	GlobalSection(ProjectConfigurationPlatforms) = postSolution
		{FCF43FF8-F461-4758-AED4-F0D02A602736}.Debug|Any CPU.ActiveCfg = Debug|Any CPU
		{FCF43FF8-F461-4758-AED4-F0D02A602736}.Debug|Any CPU.Build.0 = Debug|Any CPU
		{FCF43FF8-F461-4758-AED4-F0D02A602736}.Release|Any CPU.ActiveCfg = Release|Any CPU
		{FCF43FF8-F461-4758-AED4-F0D02A602736}.Release|Any CPU.Build.0 = Release|Any CPU
	EndGlobalSection
	GlobalSection(SolutionProperties) = preSolution
		HideSolutionNode = FALSE
	EndGlobalSection
EndGlobal
